{
  "originHash" : "1f06cf3c639532d286c470e81158af666944da378de62a4c136590c22991b051",
  "pins" : [
    {
      "identity" : "stripe-ios-spm",
      "kind" : "remoteSourceControl",
      "location" : "https://github.com/stripe/stripe-ios-spm",
      "state" : {
        "revision" : "5fb771113e16a842f7f144de6e743a6f8647da82",
        "version" : "24.5.0"
      }
    }
  ],
  "version" : 3
}
